{
  "name": "xata-common-layer",
  "version": "1.0.0",
  "lockfileVersion": 3,
  "requires": true,
  "packages": {
    "": {
      "name": "xata-common-layer",
      "version": "1.0.0",
      "license": "MIT",
      "dependencies": {
        "@xata.io/client": "^0.29.4"
      }
    },
    "node_modules/@xata.io/client": {
      "version": "0.29.4",
      "resolved": "https://registry.npmjs.org/@xata.io/client/-/client-0.29.4.tgz",
      "integrity": "sha512-dRff4E/wINr0SYIlOHwApo0h8jzpAHVf2RcbGMkK9Xrddbe90KmCEx/gue9hLhBOoCCp6qUht2h9BsuVPruymw==",
      "peerDependencies": {
        "typescript": ">=4.5"
      }
    },
    "node_modules/typescript": {
      "version": "5.4.5",
      "resolved": "https://registry.npmjs.org/typescript/-/typescript-5.4.5.tgz",
      "integrity": "sha512-vcI4UpRgg81oIRUFwR0WSIHKt11nJ7SAVlYNIu+QpqeyXP+gpQJy/Z4+F0aGxSE4MqwjyXvW/TzgkLAx2AGHwQ==",
      "peer": true,
      "bin": {
        "tsc": "bin/tsc",
        "tsserver": "bin/tsserver"
      },
      "engines": {
        "node": ">=14.17"
      }
    }
  }
}
